
Microsoft Visual Studio Solution File, Format Version 12.00
# Visual Studio 15
VisualStudioVersion = 15.0.27130.2027
MinimumVisualStudioVersion = 10.0.40219.1
Project("{FAE04EC0-301F-11D3-BF4B-00C04F79EFBC}") = "B1944", "B1944\B1944.csproj", "{083F18E6-E0AE-4CF5-9FBD-96041BABA3AA}"
EndProject
Global
	GlobalSection(SolutionConfigurationPlatforms) = preSolution
		Debug|Any CPU = Debug|Any CPU
		Release|Any CPU = Release|Any CPU
	EndGlobalSection
	GlobalSection(ProjectConfigurationPlatforms) = postSolution
		{083F18E6-E0AE-4CF5-9FBD-96041BABA3AA}.Debug|Any CPU.ActiveCfg = Debug|Any CPU
		{083F18E6-E0AE-4CF5-9FBD-96041BABA3AA}.Debug|Any CPU.Build.0 = Debug|Any CPU
		{083F18E6-E0AE-4CF5-9FBD-96041BABA3AA}.Release|Any CPU.ActiveCfg = Release|Any CPU
		{083F18E6-E0AE-4CF5-9FBD-96041BABA3AA}.Release|Any CPU.Build.0 = Release|Any CPU
	EndGlobalSection
	GlobalSection(SolutionProperties) = preSolution
		HideSolutionNode = FALSE
	EndGlobalSection
	GlobalSection(ExtensibilityGlobals) = postSolution
		SolutionGuid = {5AC68D02-36FD-4CF1-9C41-9341C1F2B1FB}
	EndGlobalSection
EndGlobal
